// !$*UTF8*$!
{
	archiveVersion = 1;
	classes = {
	};
	objectVersion = 46;
	objects = {

/* Begin PBXBuildFile section */
		FE0E19551665A255005FA4B0 /* UIKit.framework in Frameworks */ = {isa = PBXBuildFile; fileRef = FE0E19541665A255005FA4B0 /* UIKit.framework */; };
		FE0E19571665A255005FA4B0 /* Foundation.framework in Frameworks */ = {isa = PBXBuildFile; fileRef = FE0E19561665A255005FA4B0 /* Foundation.framework */; };
		FE0E19591665A255005FA4B0 /* CoreGraphics.framework in Frameworks */ = {isa = PBXBuildFile; fileRef = FE0E19581665A255005FA4B0 /* CoreGraphics.framework */; };
		FE0E195F1665A255005FA4B0 /* InfoPlist.strings in Resources */ = {isa = PBXBuildFile; fileRef = FE0E195D1665A255005FA4B0 /* InfoPlist.strings */; };
		FE0E19611665A255005FA4B0 /* main.m in Sources */ = {isa = PBXBuildFile; fileRef = FE0E19601665A255005FA4B0 /* main.m */; };
		FE0E19651665A256005FA4B0 /* AppDelegate.m in Sources */ = {isa = PBXBuildFile; fileRef = FE0E19641665A256005FA4B0 /* AppDelegate.m */; };
		FE0E19671665A256005FA4B0 /* Default.png in Resources */ = {isa = PBXBuildFile; fileRef = FE0E19661665A256005FA4B0 /* Default.png */; };
		FE0E19691665A256005FA4B0 /* Default@2x.png in Resources */ = {isa = PBXBuildFile; fileRef = FE0E19681665A256005FA4B0 /* Default@2x.png */; };
		FE0E196B1665A256005FA4B0 /* Default-568h@2x.png in Resources */ = {isa = PBXBuildFile; fileRef = FE0E196A1665A256005FA4B0 /* Default-568h@2x.png */; };
		FE0E196E1665A256005FA4B0 /* ViewController.m in Sources */ = {isa = PBXBuildFile; fileRef = FE0E196D1665A256005FA4B0 /* ViewController.m */; };
		FE0E19711665A257005FA4B0 /* ViewController.xib in Resources */ = {isa = PBXBuildFile; fileRef = FE0E196F1665A256005FA4B0 /* ViewController.xib */; };
/* End PBXBuildFile section */

/* Begin PBXFileReference section */
		FE0E19501665A255005FA4B0 /* Wanwang.app */ = {isa = PBXFileReference; explicitFileType = wrapper.application; includeInIndex = 0; path = Wanwang.app; sourceTree = BUILT_PRODUCTS_DIR; };
		FE0E19541665A255005FA4B0 /* UIKit.framework */ = {isa = PBXFileReference; lastKnownFileType = wrapper.framework; name = UIKit.framework; path = System/Library/Frameworks/UIKit.framework; sourceTree = SDKROOT; };
		FE0E19561665A255005FA4B0 /* Foundation.framework */ = {isa = PBXFileReference; lastKnownFileType = wrapper.framework; name = Foundation.framework; path = System/Library/Frameworks/Foundation.framework; sourceTree = SDKROOT; };
		FE0E19581665A255005FA4B0 /* CoreGraphics.framework */ = {isa = PBXFileReference; lastKnownFileType = wrapper.framework; name = CoreGraphics.framework; path = System/Library/Frameworks/CoreGraphics.framework; sourceTree = SDKROOT; };
		FE0E195C1665A255005FA4B0 /* Wanwang-Info.plist */ = {isa = PBXFileReference; lastKnownFileType = text.plist.xml; path = "Wanwang-Info.plist"; sourceTree = "<group>"; };
		FE0E195E1665A255005FA4B0 /* en */ = {isa = PBXFileReference; lastKnownFileType = text.plist.strings; name = en; path = en.lproj/InfoPlist.strings; sourceTree = "<group>"; };
		FE0E19601665A255005FA4B0 /* main.m */ = {isa = PBXFileReference; lastKnownFileType = sourcecode.c.objc; path = main.m; sourceTree = "<group>"; };
		FE0E19621665A255005FA4B0 /* Wanwang-Prefix.pch */ = {isa = PBXFileReference; lastKnownFileType = sourcecode.c.h; path = "Wanwang-Prefix.pch"; sourceTree = "<group>"; };
		FE0E19631665A256005FA4B0 /* AppDelegate.h */ = {isa = PBXFileReference; lastKnownFileType = sourcecode.c.h; path = AppDelegate.h; sourceTree = "<group>"; };
		FE0E19641665A256005FA4B0 /* AppDelegate.m */ = {isa = PBXFileReference; lastKnownFileType = sourcecode.c.objc; path = AppDelegate.m; sourceTree = "<group>"; };
		FE0E19661665A256005FA4B0 /* Default.png */ = {isa = PBXFileReference; lastKnownFileType = image.png; path = Default.png; sourceTree = "<group>"; };
		FE0E19681665A256005FA4B0 /* Default@2x.png */ = {isa = PBXFileReference; lastKnownFileType = image.png; path = "Default@2x.png"; sourceTree = "<group>"; };
		FE0E196A1665A256005FA4B0 /* Default-568h@2x.png */ = {isa = PBXFileReference; lastKnownFileType = image.png; path = "Default-568h@2x.png"; sourceTree = "<group>"; };
		FE0E196C1665A256005FA4B0 /* ViewController.h */ = {isa = PBXFileReference; lastKnownFileType = sourcecode.c.h; path = ViewController.h; sourceTree = "<group>"; };
		FE0E196D1665A256005FA4B0 /* ViewController.m */ = {isa = PBXFileReference; lastKnownFileType = sourcecode.c.objc; path = ViewController.m; sourceTree = "<group>"; };
		FE0E19701665A257005FA4B0 /* en */ = {isa = PBXFileReference; lastKnownFileType = file.xib; name = en; path = en.lproj/ViewController.xib; sourceTree = "<group>"; };
/* End PBXFileReference section */

/* Begin PBXFrameworksBuildPhase section */
		FE0E194D1665A254005FA4B0 /* Frameworks */ = {
			isa = PBXFrameworksBuildPhase;
			buildActionMask = 2147483647;
			files = (
				FE0E19551665A255005FA4B0 /* UIKit.framework in Frameworks */,
				FE0E19571665A255005FA4B0 /* Foundation.framework in Frameworks */,
				FE0E19591665A255005FA4B0 /* CoreGraphics.framework in Frameworks */,
			);
			runOnlyForDeploymentPostprocessing = 0;
		};
/* End PBXFrameworksBuildPhase section */

/* Begin PBXGroup section */
		FE0E19451665A252005FA4B0 = {
			isa = PBXGroup;
			children = (
				FE0E195A1665A255005FA4B0 /* Wanwang */,
				FE0E19531665A255005FA4B0 /* Frameworks */,
				FE0E19511665A255005FA4B0 /* Products */,
			);
			sourceTree = "<group>";
		};
		FE0E19511665A255005FA4B0 /* Products */ = {
			isa = PBXGroup;
			children = (
				FE0E19501665A255005FA4B0 /* Wanwang.app */,
			);
			name = Products;
			sourceTree = "<group>";
		};
		FE0E19531665A255005FA4B0 /* Frameworks */ = {
			isa = PBXGroup;
			children = (
				FE0E19541665A255005FA4B0 /* UIKit.framework */,
				FE0E19561665A255005FA4B0 /* Foundation.framework */,
				FE0E19581665A255005FA4B0 /* CoreGraphics.framework */,
			);
			name = Frameworks;
			sourceTree = "<group>";
		};
		FE0E195A1665A255005FA4B0 /* Wanwang */ = {
			isa = PBXGroup;
			children = (
				FE0E19631665A256005FA4B0 /* AppDelegate.h */,
				FE0E19641665A256005FA4B0 /* AppDelegate.m */,
				FE0E196C1665A256005FA4B0 /* ViewController.h */,
				FE0E196D1665A256005FA4B0 /* ViewController.m */,
				FE0E196F1665A256005FA4B0 /* ViewController.xib */,
				FE0E195B1665A255005FA4B0 /* Supporting Files */,
			);
			path = Wanwang;
			sourceTree = "<group>";
		};
		FE0E195B1665A255005FA4B0 /* Supporting Files */ = {
			isa = PBXGroup;
			children = (
				FE0E195C1665A255005FA4B0 /* Wanwang-Info.plist */,
				FE0E195D1665A255005FA4B0 /* InfoPlist.strings */,
				FE0E19601665A255005FA4B0 /* main.m */,
				FE0E19621665A255005FA4B0 /* Wanwang-Prefix.pch */,
				FE0E19661665A256005FA4B0 /* Default.png */,
				FE0E19681665A256005FA4B0 /* Default@2x.png */,
				FE0E196A1665A256005FA4B0 /* Default-568h@2x.png */,
			);
			name = "Supporting Files";
			sourceTree = "<group>";
		};
/* End PBXGroup section */

/* Begin PBXNativeTarget section */
		FE0E194F1665A254005FA4B0 /* Wanwang */ = {
			isa = PBXNativeTarget;
			buildConfigurationList = FE0E19741665A257005FA4B0 /* Build configuration list for PBXNativeTarget "Wanwang" */;
			buildPhases = (
				FE0E194C1665A254005FA4B0 /* Sources */,
				FE0E194D1665A254005FA4B0 /* Frameworks */,
				FE0E194E1665A254005FA4B0 /* Resources */,
			);
			buildRules = (
			);
			dependencies = (
			);
			name = Wanwang;
			productName = Wanwang;
			productReference = FE0E19501665A255005FA4B0 /* Wanwang.app */;
			productType = "com.apple.product-type.application";
		};
/* End PBXNativeTarget section */

/* Begin PBXProject section */
		FE0E19471665A253005FA4B0 /* Project object */ = {
			isa = PBXProject;
			attributes = {
				LastUpgradeCheck = 0450;
				ORGANIZATIONNAME = keo;
			};
			buildConfigurationList = FE0E194A1665A253005FA4B0 /* Build configuration list for PBXProject "Wanwang" */;
			compatibilityVersion = "Xcode 3.2";
			developmentRegion = English;
			hasScannedForEncodings = 0;
			knownRegions = (
				en,
			);
			mainGroup = FE0E19451665A252005FA4B0;
			productRefGroup = FE0E19511665A255005FA4B0 /* Products */;
			projectDirPath = "";
			projectRoot = "";
			targets = (
				FE0E194F1665A254005FA4B0 /* Wanwang */,
			);
		};
/* End PBXProject section */

/* Begin PBXResourcesBuildPhase section */
		FE0E194E1665A254005FA4B0 /* Resources */ = {
			isa = PBXResourcesBuildPhase;
			buildActionMask = 2147483647;
			files = (
				FE0E195F1665A255005FA4B0 /* InfoPlist.strings in Resources */,
				FE0E19671665A256005FA4B0 /* Default.png in Resources */,
				FE0E19691665A256005FA4B0 /* Default@2x.png in Resources */,
				FE0E196B1665A256005FA4B0 /* Default-568h@2x.png in Resources */,
				FE0E19711665A257005FA4B0 /* ViewController.xib in Resources */,
			);
			runOnlyForDeploymentPostprocessing = 0;
		};
/* End PBXResourcesBuildPhase section */

/* Begin PBXSourcesBuildPhase section */
		FE0E194C1665A254005FA4B0 /* Sources */ = {
			isa = PBXSourcesBuildPhase;
			buildActionMask = 2147483647;
			files = (
				FE0E19611665A255005FA4B0 /* main.m in Sources */,
				FE0E19651665A256005FA4B0 /* AppDelegate.m in Sources */,
				FE0E196E1665A256005FA4B0 /* ViewController.m in Sources */,
			);
			runOnlyForDeploymentPostprocessing = 0;
		};
/* End PBXSourcesBuildPhase section */

/* Begin PBXVariantGroup section */
		FE0E195D1665A255005FA4B0 /* InfoPlist.strings */ = {
			isa = PBXVariantGroup;
			children = (
				FE0E195E1665A255005FA4B0 /* en */,
			);
			name = InfoPlist.strings;
			sourceTree = "<group>";
		};
		FE0E196F1665A256005FA4B0 /* ViewController.xib */ = {
			isa = PBXVariantGroup;
			children = (
				FE0E19701665A257005FA4B0 /* en */,
			);
			name = ViewController.xib;
			sourceTree = "<group>";
		};
/* End PBXVariantGroup section */

/* Begin XCBuildConfiguration section */
		FE0E19721665A257005FA4B0 /* Debug */ = {
			isa = XCBuildConfiguration;
			buildSettings = {
				ALWAYS_SEARCH_USER_PATHS = NO;
				CLANG_CXX_LANGUAGE_STANDARD = "gnu++0x";
				CLANG_CXX_LIBRARY = "libc++";
				CLANG_WARN_EMPTY_BODY = YES;
				CLANG_WARN__DUPLICATE_METHOD_MATCH = YES;
				"CODE_SIGN_IDENTITY[sdk=iphoneos*]" = "iPhone Developer";
				COPY_PHASE_STRIP = NO;
				GCC_C_LANGUAGE_STANDARD = gnu99;
				GCC_DYNAMIC_NO_PIC = NO;
				GCC_OPTIMIZATION_LEVEL = 0;
				GCC_PREPROCESSOR_DEFINITIONS = (
					"DEBUG=1",
					"$(inherited)",
				);
				GCC_SYMBOLS_PRIVATE_EXTERN = NO;
				GCC_WARN_ABOUT_RETURN_TYPE = YES;
				GCC_WARN_UNINITIALIZED_AUTOS = YES;
				GCC_WARN_UNUSED_VARIABLE = YES;
				IPHONEOS_DEPLOYMENT_TARGET = 6.0;
				SDKROOT = iphoneos;
			};
			name = Debug;
		};
		FE0E19731665A257005FA4B0 /* Release */ = {
			isa = XCBuildConfiguration;
			buildSettings = {
				ALWAYS_SEARCH_USER_PATHS = NO;
				CLANG_CXX_LANGUAGE_STANDARD = "gnu++0x";
				CLANG_CXX_LIBRARY = "libc++";
				CLANG_WARN_EMPTY_BODY = YES;
				CLANG_WARN__DUPLICATE_METHOD_MATCH = YES;
				"CODE_SIGN_IDENTITY[sdk=iphoneos*]" = "iPhone Developer";
				COPY_PHASE_STRIP = YES;
				GCC_C_LANGUAGE_STANDARD = gnu99;
				GCC_WARN_ABOUT_RETURN_TYPE = YES;
				GCC_WARN_UNINITIALIZED_AUTOS = YES;
				GCC_WARN_UNUSED_VARIABLE = YES;
				IPHONEOS_DEPLOYMENT_TARGET = 6.0;
				OTHER_CFLAGS = "-DNS_BLOCK_ASSERTIONS=1";
				SDKROOT = iphoneos;
				VALIDATE_PRODUCT = YES;
			};
			name = Release;
		};
		FE0E19751665A257005FA4B0 /* Debug */ = {
			isa = XCBuildConfiguration;
			buildSettings = {
				GCC_PRECOMPILE_PREFIX_HEADER = YES;
				GCC_PREFIX_HEADER = "Wanwang/Wanwang-Prefix.pch";
				INFOPLIST_FILE = "Wanwang/Wanwang-Info.plist";
				PRODUCT_NAME = "$(TARGET_NAME)";
				WRAPPER_EXTENSION = app;
			};
			name = Debug;
		};
		FE0E19761665A257005FA4B0 /* Release */ = {
			isa = XCBuildConfiguration;
			buildSettings = {
				GCC_PRECOMPILE_PREFIX_HEADER = YES;
				GCC_PREFIX_HEADER = "Wanwang/Wanwang-Prefix.pch";
				INFOPLIST_FILE = "Wanwang/Wanwang-Info.plist";
				PRODUCT_NAME = "$(TARGET_NAME)";
				WRAPPER_EXTENSION = app;
			};
			name = Release;
		};
/* End XCBuildConfiguration section */

/* Begin XCConfigurationList section */
		FE0E194A1665A253005FA4B0 /* Build configuration list for PBXProject "Wanwang" */ = {
			isa = XCConfigurationList;
			buildConfigurations = (
				FE0E19721665A257005FA4B0 /* Debug */,
				FE0E19731665A257005FA4B0 /* Release */,
			);
			defaultConfigurationIsVisible = 0;
			defaultConfigurationName = Release;
		};
		FE0E19741665A257005FA4B0 /* Build configuration list for PBXNativeTarget "Wanwang" */ = {
			isa = XCConfigurationList;
			buildConfigurations = (
				FE0E19751665A257005FA4B0 /* Debug */,
				FE0E19761665A257005FA4B0 /* Release */,
			);
			defaultConfigurationIsVisible = 0;
		};
/* End XCConfigurationList section */
	};
	rootObject = FE0E19471665A253005FA4B0 /* Project object */;
}
